
Microsoft Visual Studio Solution File, Format Version 12.00
# Visual Studio Version 16
VisualStudioVersion = 16.0.33801.447
MinimumVisualStudioVersion = 10.0.40219.1
Project("{FAE04EC0-301F-11D3-BF4B-00C04F79EFBC}") = "PM_02_4ISIP_520_Sidorov", "PM_02_4ISIP_520_Sidorov\PM_02_4ISIP_520_Sidorov.csproj", "{DCEA8476-73FC-4C9F-AB60-303425CF450C}"
EndProject
Global
	GlobalSection(SolutionConfigurationPlatforms) = preSolution
		Debug|Any CPU = Debug|Any CPU
		Release|Any CPU = Release|Any CPU
	EndGlobalSection
	GlobalSection(ProjectConfigurationPlatforms) = postSolution
		{DCEA8476-73FC-4C9F-AB60-303425CF450C}.Debug|Any CPU.ActiveCfg = Debug|Any CPU
		{DCEA8476-73FC-4C9F-AB60-303425CF450C}.Debug|Any CPU.Build.0 = Debug|Any CPU
		{DCEA8476-73FC-4C9F-AB60-303425CF450C}.Release|Any CPU.ActiveCfg = Release|Any CPU
		{DCEA8476-73FC-4C9F-AB60-303425CF450C}.Release|Any CPU.Build.0 = Release|Any CPU
	EndGlobalSection
	GlobalSection(SolutionProperties) = preSolution
		HideSolutionNode = FALSE
	EndGlobalSection
	GlobalSection(ExtensibilityGlobals) = postSolution
		SolutionGuid = {459A5A8E-F81A-497E-8AE3-21383D9534BD}
	EndGlobalSection
EndGlobal
